
Microsoft Visual Studio Solution File, Format Version 12.00
# Visual Studio Version 16
VisualStudioVersion = 16.0.29709.97
MinimumVisualStudioVersion = 10.0.40219.1
Project("{FAE04EC0-301F-11D3-BF4B-00C04F79EFBC}") = "Devil Cookies 3D", "Devil Cookies 3D\Devil Cookies 3D.csproj", "{F9333BDD-F3C2-48A0-91B3-EE148F069B5E}"
EndProject
Global
	GlobalSection(SolutionConfigurationPlatforms) = preSolution
		Debug|Any CPU = Debug|Any CPU
		Release|Any CPU = Release|Any CPU
	EndGlobalSection
	GlobalSection(ProjectConfigurationPlatforms) = postSolution
		{F9333BDD-F3C2-48A0-91B3-EE148F069B5E}.Debug|Any CPU.ActiveCfg = Debug|Any CPU
		{F9333BDD-F3C2-48A0-91B3-EE148F069B5E}.Debug|Any CPU.Build.0 = Debug|Any CPU
		{F9333BDD-F3C2-48A0-91B3-EE148F069B5E}.Release|Any CPU.ActiveCfg = Release|Any CPU
		{F9333BDD-F3C2-48A0-91B3-EE148F069B5E}.Release|Any CPU.Build.0 = Release|Any CPU
	EndGlobalSection
	GlobalSection(SolutionProperties) = preSolution
		HideSolutionNode = FALSE
	EndGlobalSection
	GlobalSection(ExtensibilityGlobals) = postSolution
		SolutionGuid = {715592C9-99E6-4874-BB12-9472C902B86E}
	EndGlobalSection
EndGlobal
